<?xml version="1.0" encoding="utf-8"?>
<Project ToolsVersion="4.0" xmlns="http://schemas.microsoft.com/developer/msbuild/2003">
  <ItemGroup>
    <Filter Include="Source Files">
      <UniqueIdentifier>{4FC737F1-C7A5-4376-A066-2A32D752A2FF}</UniqueIdentifier>
      <Extensions>cpp;c;cc;cxx;def;odl;idl;hpj;bat;asm;asmx</Extensions>
    </Filter>
    <Filter Include="Header Files">
      <UniqueIdentifier>{93995380-89BD-4b04-88EB-625FBE52EBFB}</UniqueIdentifier>
      <Extensions>h;hh;hpp;hxx;hm;inl;inc;xsd</Extensions>
    </Filter>
    <Filter Include="Resource Files">
      <UniqueIdentifier>{67DA6AB6-F800-4c08-8B7A-83BB121AAD01}</UniqueIdentifier>
      <Extensions>rc;ico;cur;bmp;dlg;rc2;rct;bin;rgs;gif;jpg;jpeg;jpe;resx;tiff;tif;png;wav</Extensions>
    </Filter>
  </ItemGroup>
  <ItemGroup>
    <ClCompile Include="alloc.c">
      <Filter>Source Files</Filter>
    </ClCompile>
    <ClCompile Include="col.c">
      <Filter>Source Files</Filter>
    </ClCompile>
    <ClCompile Include="gambit.c">
      <Filter>Source Files</Filter>
    </ClCompile>
    <ClCompile Include="interface.c">
      <Filter>Source Files</Filter>
    </ClCompile>
    <ClCompile Include="leaves.c">
      <Filter>Source Files</Filter>
    </ClCompile>
    <ClCompile Include="lemke.c">
      <Filter>Source Files</Filter>
    </ClCompile>
    <ClCompile Include="main.c">
      <Filter>Source Files</Filter>
    </ClCompile>
    <ClCompile Include="mp.c">
      <Filter>Source Files</Filter>
    </ClCompile>
    <ClCompile Include="normform.c">
      <Filter>Source Files</Filter>
    </ClCompile>
    <ClCompile Include="prior.c">
      <Filter>Source Files</Filter>
    </ClCompile>
    <ClCompile Include="rat.c">
      <Filter>Source Files</Filter>
    </ClCompile>
    <ClCompile Include="rataux.c">
      <Filter>Source Files</Filter>
    </ClCompile>
    <ClCompile Include="rsf.c">
      <Filter>Source Files</Filter>
    </ClCompile>
    <ClCompile Include="seqform.c">
      <Filter>Source Files</Filter>
    </ClCompile>
    <ClCompile Include="sfnf.c">
      <Filter>Source Files</Filter>
    </ClCompile>
    <ClCompile Include="treedef.c">
      <Filter>Source Files</Filter>
    </ClCompile>
    <ClCompile Include="treegen.c">
      <Filter>Source Files</Filter>
    </ClCompile>
    <ClCompile Include="getopt.c">
      <Filter>Source Files</Filter>
    </ClCompile>
  </ItemGroup>
  <ItemGroup>
    <ClInclude Include="alloc.h">
      <Filter>Header Files</Filter>
    </ClInclude>
    <ClInclude Include="col.h">
      <Filter>Header Files</Filter>
    </ClInclude>
    <ClInclude Include="gambit.h">
      <Filter>Header Files</Filter>
    </ClInclude>
    <ClInclude Include="getopt.h">
      <Filter>Header Files</Filter>
    </ClInclude>
    <ClInclude Include="interface.h">
      <Filter>Header Files</Filter>
    </ClInclude>
    <ClInclude Include="leaves.h">
      <Filter>Header Files</Filter>
    </ClInclude>
    <ClInclude Include="lemke.h">
      <Filter>Header Files</Filter>
    </ClInclude>
    <ClInclude Include="mp.h">
      <Filter>Header Files</Filter>
    </ClInclude>
    <ClInclude Include="normform.h">
      <Filter>Header Files</Filter>
    </ClInclude>
    <ClInclude Include="prior.h">
      <Filter>Header Files</Filter>
    </ClInclude>
    <ClInclude Include="rat.h">
      <Filter>Header Files</Filter>
    </ClInclude>
    <ClInclude Include="rataux.h">
      <Filter>Header Files</Filter>
    </ClInclude>
    <ClInclude Include="rsf.h">
      <Filter>Header Files</Filter>
    </ClInclude>
    <ClInclude Include="seqform.h">
      <Filter>Header Files</Filter>
    </ClInclude>
    <ClInclude Include="sfnf.h">
      <Filter>Header Files</Filter>
    </ClInclude>
    <ClInclude Include="treedef.h">
      <Filter>Header Files</Filter>
    </ClInclude>
    <ClInclude Include="treegen.h">
      <Filter>Header Files</Filter>
    </ClInclude>
  </ItemGroup>
</Project>